// !$*UTF8*$!
{
	archiveVersion = 1;
	classes = {
	};
	objectVersion = 46;
	objects = {

/* Begin PBXBuildFile section */
		AD8194411EBC0A29006097CE /* main.m in Sources */ = {isa = PBXBuildFile; fileRef = AD8194401EBC0A29006097CE /* main.m */; };
		AD8194441EBC0A29006097CE /* AppDelegate.m in Sources */ = {isa = PBXBuildFile; fileRef = AD8194431EBC0A29006097CE /* AppDelegate.m */; };
		AD8194471EBC0A29006097CE /* ViewController.m in Sources */ = {isa = PBXBuildFile; fileRef = AD8194461EBC0A29006097CE /* ViewController.m */; };
		AD81944A1EBC0A29006097CE /* Main.storyboard in Resources */ = {isa = PBXBuildFile; fileRef = AD8194481EBC0A29006097CE /* Main.storyboard */; };
		AD81944C1EBC0A29006097CE /* Assets.xcassets in Resources */ = {isa = PBXBuildFile; fileRef = AD81944B1EBC0A29006097CE /* Assets.xcassets */; };
		AD81944F1EBC0A29006097CE /* LaunchScreen.storyboard in Resources */ = {isa = PBXBuildFile; fileRef = AD81944D1EBC0A29006097CE /* LaunchScreen.storyboard */; };
/* End PBXBuildFile section */

/* Begin PBXFileReference section */
		AD81943C1EBC0A29006097CE /* JPathNewDemo170505.app */ = {isa = PBXFileReference; explicitFileType = wrapper.application; includeInIndex = 0; path = JPathNewDemo170505.app; sourceTree = BUILT_PRODUCTS_DIR; };
		AD8194401EBC0A29006097CE /* main.m */ = {isa = PBXFileReference; lastKnownFileType = sourcecode.c.objc; path = main.m; sourceTree = "<group>"; };
		AD8194421EBC0A29006097CE /* AppDelegate.h */ = {isa = PBXFileReference; lastKnownFileType = sourcecode.c.h; path = AppDelegate.h; sourceTree = "<group>"; };
		AD8194431EBC0A29006097CE /* AppDelegate.m */ = {isa = PBXFileReference; lastKnownFileType = sourcecode.c.objc; path = AppDelegate.m; sourceTree = "<group>"; };
		AD8194451EBC0A29006097CE /* ViewController.h */ = {isa = PBXFileReference; lastKnownFileType = sourcecode.c.h; path = ViewController.h; sourceTree = "<group>"; };
		AD8194461EBC0A29006097CE /* ViewController.m */ = {isa = PBXFileReference; lastKnownFileType = sourcecode.c.objc; path = ViewController.m; sourceTree = "<group>"; };
		AD8194491EBC0A29006097CE /* Base */ = {isa = PBXFileReference; lastKnownFileType = file.storyboard; name = Base; path = Base.lproj/Main.storyboard; sourceTree = "<group>"; };
		AD81944B1EBC0A29006097CE /* Assets.xcassets */ = {isa = PBXFileReference; lastKnownFileType = folder.assetcatalog; path = Assets.xcassets; sourceTree = "<group>"; };
		AD81944E1EBC0A29006097CE /* Base */ = {isa = PBXFileReference; lastKnownFileType = file.storyboard; name = Base; path = Base.lproj/LaunchScreen.storyboard; sourceTree = "<group>"; };
		AD8194501EBC0A29006097CE /* Info.plist */ = {isa = PBXFileReference; lastKnownFileType = text.plist.xml; path = Info.plist; sourceTree = "<group>"; };
/* End PBXFileReference section */

/* Begin PBXFrameworksBuildPhase section */
		AD8194391EBC0A29006097CE /* Frameworks */ = {
			isa = PBXFrameworksBuildPhase;
			buildActionMask = 2147483647;
			files = (
			);
			runOnlyForDeploymentPostprocessing = 0;
		};
/* End PBXFrameworksBuildPhase section */

/* Begin PBXGroup section */
		AD8194331EBC0A29006097CE = {
			isa = PBXGroup;
			children = (
				AD81943E1EBC0A29006097CE /* JPathNewDemo170505 */,
				AD81943D1EBC0A29006097CE /* Products */,
			);
			sourceTree = "<group>";
		};
		AD81943D1EBC0A29006097CE /* Products */ = {
			isa = PBXGroup;
			children = (
				AD81943C1EBC0A29006097CE /* JPathNewDemo170505.app */,
			);
			name = Products;
			sourceTree = "<group>";
		};
		AD81943E1EBC0A29006097CE /* JPathNewDemo170505 */ = {
			isa = PBXGroup;
			children = (
				AD8194421EBC0A29006097CE /* AppDelegate.h */,
				AD8194431EBC0A29006097CE /* AppDelegate.m */,
				AD8194451EBC0A29006097CE /* ViewController.h */,
				AD8194461EBC0A29006097CE /* ViewController.m */,
				AD8194481EBC0A29006097CE /* Main.storyboard */,
				AD81944B1EBC0A29006097CE /* Assets.xcassets */,
				AD81944D1EBC0A29006097CE /* LaunchScreen.storyboard */,
				AD8194501EBC0A29006097CE /* Info.plist */,
				AD81943F1EBC0A29006097CE /* Supporting Files */,
			);
			path = JPathNewDemo170505;
			sourceTree = "<group>";
		};
		AD81943F1EBC0A29006097CE /* Supporting Files */ = {
			isa = PBXGroup;
			children = (
				AD8194401EBC0A29006097CE /* main.m */,
			);
			name = "Supporting Files";
			sourceTree = "<group>";
		};
/* End PBXGroup section */

/* Begin PBXNativeTarget section */
		AD81943B1EBC0A29006097CE /* JPathNewDemo170505 */ = {
			isa = PBXNativeTarget;
			buildConfigurationList = AD8194531EBC0A29006097CE /* Build configuration list for PBXNativeTarget "JPathNewDemo170505" */;
			buildPhases = (
				AD8194381EBC0A29006097CE /* Sources */,
				AD8194391EBC0A29006097CE /* Frameworks */,
				AD81943A1EBC0A29006097CE /* Resources */,
			);
			buildRules = (
			);
			dependencies = (
			);
			name = JPathNewDemo170505;
			productName = JPathNewDemo170505;
			productReference = AD81943C1EBC0A29006097CE /* JPathNewDemo170505.app */;
			productType = "com.apple.product-type.application";
		};
/* End PBXNativeTarget section */

/* Begin PBXProject section */
		AD8194341EBC0A29006097CE /* Project object */ = {
			isa = PBXProject;
			attributes = {
				LastUpgradeCheck = 0830;
				ORGANIZATIONNAME = DFD;
				TargetAttributes = {
					AD81943B1EBC0A29006097CE = {
						CreatedOnToolsVersion = 8.3.1;
						ProvisioningStyle = Automatic;
					};
				};
			};
			buildConfigurationList = AD8194371EBC0A29006097CE /* Build configuration list for PBXProject "JPathNewDemo170505" */;
			compatibilityVersion = "Xcode 3.2";
			developmentRegion = English;
			hasScannedForEncodings = 0;
			knownRegions = (
				en,
				Base,
			);
			mainGroup = AD8194331EBC0A29006097CE;
			productRefGroup = AD81943D1EBC0A29006097CE /* Products */;
			projectDirPath = "";
			projectRoot = "";
			targets = (
				AD81943B1EBC0A29006097CE /* JPathNewDemo170505 */,
			);
		};
/* End PBXProject section */

/* Begin PBXResourcesBuildPhase section */
		AD81943A1EBC0A29006097CE /* Resources */ = {
			isa = PBXResourcesBuildPhase;
			buildActionMask = 2147483647;
			files = (
				AD81944F1EBC0A29006097CE /* LaunchScreen.storyboard in Resources */,
				AD81944C1EBC0A29006097CE /* Assets.xcassets in Resources */,
				AD81944A1EBC0A29006097CE /* Main.storyboard in Resources */,
			);
			runOnlyForDeploymentPostprocessing = 0;
		};
/* End PBXResourcesBuildPhase section */

/* Begin PBXSourcesBuildPhase section */
		AD8194381EBC0A29006097CE /* Sources */ = {
			isa = PBXSourcesBuildPhase;
			buildActionMask = 2147483647;
			files = (
				AD8194471EBC0A29006097CE /* ViewController.m in Sources */,
				AD8194441EBC0A29006097CE /* AppDelegate.m in Sources */,
				AD8194411EBC0A29006097CE /* main.m in Sources */,
			);
			runOnlyForDeploymentPostprocessing = 0;
		};
/* End PBXSourcesBuildPhase section */

/* Begin PBXVariantGroup section */
		AD8194481EBC0A29006097CE /* Main.storyboard */ = {
			isa = PBXVariantGroup;
			children = (
				AD8194491EBC0A29006097CE /* Base */,
			);
			name = Main.storyboard;
			sourceTree = "<group>";
		};
		AD81944D1EBC0A29006097CE /* LaunchScreen.storyboard */ = {
			isa = PBXVariantGroup;
			children = (
				AD81944E1EBC0A29006097CE /* Base */,
			);
			name = LaunchScreen.storyboard;
			sourceTree = "<group>";
		};
/* End PBXVariantGroup section */

/* Begin XCBuildConfiguration section */
		AD8194511EBC0A29006097CE /* Debug */ = {
			isa = XCBuildConfiguration;
			buildSettings = {
				ALWAYS_SEARCH_USER_PATHS = NO;
				CLANG_ANALYZER_NONNULL = YES;
				CLANG_ANALYZER_NUMBER_OBJECT_CONVERSION = YES_AGGRESSIVE;
				CLANG_CXX_LANGUAGE_STANDARD = "gnu++0x";
				CLANG_CXX_LIBRARY = "libc++";
				CLANG_ENABLE_MODULES = YES;
				CLANG_ENABLE_OBJC_ARC = YES;
				CLANG_WARN_BOOL_CONVERSION = YES;
				CLANG_WARN_CONSTANT_CONVERSION = YES;
				CLANG_WARN_DIRECT_OBJC_ISA_USAGE = YES_ERROR;
				CLANG_WARN_DOCUMENTATION_COMMENTS = YES;
				CLANG_WARN_EMPTY_BODY = YES;
				CLANG_WARN_ENUM_CONVERSION = YES;
				CLANG_WARN_INFINITE_RECURSION = YES;
				CLANG_WARN_INT_CONVERSION = YES;
				CLANG_WARN_OBJC_ROOT_CLASS = YES_ERROR;
				CLANG_WARN_SUSPICIOUS_MOVE = YES;
				CLANG_WARN_UNREACHABLE_CODE = YES;
				CLANG_WARN__DUPLICATE_METHOD_MATCH = YES;
				"CODE_SIGN_IDENTITY[sdk=iphoneos*]" = "iPhone Developer";
				COPY_PHASE_STRIP = NO;
				DEBUG_INFORMATION_FORMAT = dwarf;
				ENABLE_STRICT_OBJC_MSGSEND = YES;
				ENABLE_TESTABILITY = YES;
				GCC_C_LANGUAGE_STANDARD = gnu99;
				GCC_DYNAMIC_NO_PIC = NO;
				GCC_NO_COMMON_BLOCKS = YES;
				GCC_OPTIMIZATION_LEVEL = 0;
				GCC_PREPROCESSOR_DEFINITIONS = (
					"DEBUG=1",
					"$(inherited)",
				);
				GCC_WARN_64_TO_32_BIT_CONVERSION = YES;
				GCC_WARN_ABOUT_RETURN_TYPE = YES_ERROR;
				GCC_WARN_UNDECLARED_SELECTOR = YES;
				GCC_WARN_UNINITIALIZED_AUTOS = YES_AGGRESSIVE;
				GCC_WARN_UNUSED_FUNCTION = YES;
				GCC_WARN_UNUSED_VARIABLE = YES;
				IPHONEOS_DEPLOYMENT_TARGET = 10.3;
				MTL_ENABLE_DEBUG_INFO = YES;
				ONLY_ACTIVE_ARCH = YES;
				SDKROOT = iphoneos;
			};
			name = Debug;
		};
		AD8194521EBC0A29006097CE /* Release */ = {
			isa = XCBuildConfiguration;
			buildSettings = {
				ALWAYS_SEARCH_USER_PATHS = NO;
				CLANG_ANALYZER_NONNULL = YES;
				CLANG_ANALYZER_NUMBER_OBJECT_CONVERSION = YES_AGGRESSIVE;
				CLANG_CXX_LANGUAGE_STANDARD = "gnu++0x";
				CLANG_CXX_LIBRARY = "libc++";
				CLANG_ENABLE_MODULES = YES;
				CLANG_ENABLE_OBJC_ARC = YES;
				CLANG_WARN_BOOL_CONVERSION = YES;
				CLANG_WARN_CONSTANT_CONVERSION = YES;
				CLANG_WARN_DIRECT_OBJC_ISA_USAGE = YES_ERROR;
				CLANG_WARN_DOCUMENTATION_COMMENTS = YES;
				CLANG_WARN_EMPTY_BODY = YES;
				CLANG_WARN_ENUM_CONVERSION = YES;
				CLANG_WARN_INFINITE_RECURSION = YES;
				CLANG_WARN_INT_CONVERSION = YES;
				CLANG_WARN_OBJC_ROOT_CLASS = YES_ERROR;
				CLANG_WARN_SUSPICIOUS_MOVE = YES;
				CLANG_WARN_UNREACHABLE_CODE = YES;
				CLANG_WARN__DUPLICATE_METHOD_MATCH = YES;
				"CODE_SIGN_IDENTITY[sdk=iphoneos*]" = "iPhone Developer";
				COPY_PHASE_STRIP = NO;
				DEBUG_INFORMATION_FORMAT = "dwarf-with-dsym";
				ENABLE_NS_ASSERTIONS = NO;
				ENABLE_STRICT_OBJC_MSGSEND = YES;
				GCC_C_LANGUAGE_STANDARD = gnu99;
				GCC_NO_COMMON_BLOCKS = YES;
				GCC_WARN_64_TO_32_BIT_CONVERSION = YES;
				GCC_WARN_ABOUT_RETURN_TYPE = YES_ERROR;
				GCC_WARN_UNDECLARED_SELECTOR = YES;
				GCC_WARN_UNINITIALIZED_AUTOS = YES_AGGRESSIVE;
				GCC_WARN_UNUSED_FUNCTION = YES;
				GCC_WARN_UNUSED_VARIABLE = YES;
				IPHONEOS_DEPLOYMENT_TARGET = 10.3;
				MTL_ENABLE_DEBUG_INFO = NO;
				SDKROOT = iphoneos;
				VALIDATE_PRODUCT = YES;
			};
			name = Release;
		};
		AD8194541EBC0A29006097CE /* Debug */ = {
			isa = XCBuildConfiguration;
			buildSettings = {
				ASSETCATALOG_COMPILER_APPICON_NAME = AppIcon;
				INFOPLIST_FILE = JPathNewDemo170505/Info.plist;
				LD_RUNPATH_SEARCH_PATHS = "$(inherited) @executable_path/Frameworks";
				PRODUCT_BUNDLE_IDENTIFIER = com.dfd.testApp.JPathNewDemo170505;
				PRODUCT_NAME = "$(TARGET_NAME)";
			};
			name = Debug;
		};
		AD8194551EBC0A29006097CE /* Release */ = {
			isa = XCBuildConfiguration;
			buildSettings = {
				ASSETCATALOG_COMPILER_APPICON_NAME = AppIcon;
				INFOPLIST_FILE = JPathNewDemo170505/Info.plist;
				LD_RUNPATH_SEARCH_PATHS = "$(inherited) @executable_path/Frameworks";
				PRODUCT_BUNDLE_IDENTIFIER = com.dfd.testApp.JPathNewDemo170505;
				PRODUCT_NAME = "$(TARGET_NAME)";
			};
			name = Release;
		};
/* End XCBuildConfiguration section */

/* Begin XCConfigurationList section */
		AD8194371EBC0A29006097CE /* Build configuration list for PBXProject "JPathNewDemo170505" */ = {
			isa = XCConfigurationList;
			buildConfigurations = (
				AD8194511EBC0A29006097CE /* Debug */,
				AD8194521EBC0A29006097CE /* Release */,
			);
			defaultConfigurationIsVisible = 0;
			defaultConfigurationName = Release;
		};
		AD8194531EBC0A29006097CE /* Build configuration list for PBXNativeTarget "JPathNewDemo170505" */ = {
			isa = XCConfigurationList;
			buildConfigurations = (
				AD8194541EBC0A29006097CE /* Debug */,
				AD8194551EBC0A29006097CE /* Release */,
			);
			defaultConfigurationIsVisible = 0;
		};
/* End XCConfigurationList section */
	};
	rootObject = AD8194341EBC0A29006097CE /* Project object */;
}
